// !$*UTF8*$!
{
	archiveVersion = 1;
	classes = {
	};
	objectVersion = 56;
	objects = {

/* Begin PBXBuildFile section */
		4563D3F129EE0C0B00C16E91 /* CustomArticleCell.swift in Sources */ = {isa = PBXBuildFile; fileRef = 4563D3EF29EE0C0B00C16E91 /* CustomArticleCell.swift */; };
		4563D3F229EE0C0B00C16E91 /* CustomArticleCell.xib in Resources */ = {isa = PBXBuildFile; fileRef = 4563D3F029EE0C0B00C16E91 /* CustomArticleCell.xib */; };
		4566181F29EB4E4000B85901 /* NewsModel.swift in Sources */ = {isa = PBXBuildFile; fileRef = 4566181E29EB4E4000B85901 /* NewsModel.swift */; };
		4566184129EB5C4400B85901 /* CategoryVC.swift in Sources */ = {isa = PBXBuildFile; fileRef = 4566184029EB5C4400B85901 /* CategoryVC.swift */; };
		4566186529EB940000B85901 /* K.swift in Sources */ = {isa = PBXBuildFile; fileRef = 4566186429EB940000B85901 /* K.swift */; };
		4568DA8529EA621600E38D82 /* AppDelegate.swift in Sources */ = {isa = PBXBuildFile; fileRef = 4568DA8429EA621600E38D82 /* AppDelegate.swift */; };
		4568DA8729EA621600E38D82 /* SceneDelegate.swift in Sources */ = {isa = PBXBuildFile; fileRef = 4568DA8629EA621600E38D82 /* SceneDelegate.swift */; };
		4568DA8929EA621600E38D82 /* HomeVC.swift in Sources */ = {isa = PBXBuildFile; fileRef = 4568DA8829EA621600E38D82 /* HomeVC.swift */; };
		4568DA8C29EA621600E38D82 /* Main.storyboard in Resources */ = {isa = PBXBuildFile; fileRef = 4568DA8A29EA621600E38D82 /* Main.storyboard */; };
		4568DA8E29EA621700E38D82 /* Assets.xcassets in Resources */ = {isa = PBXBuildFile; fileRef = 4568DA8D29EA621700E38D82 /* Assets.xcassets */; };
		4568DA9129EA621700E38D82 /* LaunchScreen.storyboard in Resources */ = {isa = PBXBuildFile; fileRef = 4568DA8F29EA621700E38D82 /* LaunchScreen.storyboard */; };
		4568DA9C29EA632C00E38D82 /* NewsDetailVC.swift in Sources */ = {isa = PBXBuildFile; fileRef = 4568DA9B29EA632C00E38D82 /* NewsDetailVC.swift */; };
		4568DA9E29EA642F00E38D82 /* NewsData.swift in Sources */ = {isa = PBXBuildFile; fileRef = 4568DA9D29EA642F00E38D82 /* NewsData.swift */; };
		4568DAA029EA656000E38D82 /* NewsManager.swift in Sources */ = {isa = PBXBuildFile; fileRef = 4568DA9F29EA656000E38D82 /* NewsManager.swift */; };
		B41799257D77B3DB123FAD0A /* Pods_NewsApp.framework in Frameworks */ = {isa = PBXBuildFile; fileRef = C7DC8EFBE80DF70B33110E1B /* Pods_NewsApp.framework */; };
/* End PBXBuildFile section */

/* Begin PBXFileReference section */
		4563D3EF29EE0C0B00C16E91 /* CustomArticleCell.swift */ = {isa = PBXFileReference; lastKnownFileType = sourcecode.swift; path = CustomArticleCell.swift; sourceTree = "<group>"; };
		4563D3F029EE0C0B00C16E91 /* CustomArticleCell.xib */ = {isa = PBXFileReference; lastKnownFileType = file.xib; path = CustomArticleCell.xib; sourceTree = "<group>"; };
		4566181E29EB4E4000B85901 /* NewsModel.swift */ = {isa = PBXFileReference; lastKnownFileType = sourcecode.swift; path = NewsModel.swift; sourceTree = "<group>"; };
		4566184029EB5C4400B85901 /* CategoryVC.swift */ = {isa = PBXFileReference; lastKnownFileType = sourcecode.swift; path = CategoryVC.swift; sourceTree = "<group>"; };
		4566186429EB940000B85901 /* K.swift */ = {isa = PBXFileReference; lastKnownFileType = sourcecode.swift; path = K.swift; sourceTree = "<group>"; };
		4568DA8129EA621600E38D82 /* NewsApp.app */ = {isa = PBXFileReference; explicitFileType = wrapper.application; includeInIndex = 0; name = NewsApp.app; path = "/Users/hassanesidibe/Documents/Developer/NewsApp/build/Debug-iphoneos/NewsApp.app"; sourceTree = "<absolute>"; };
		4568DA8429EA621600E38D82 /* AppDelegate.swift */ = {isa = PBXFileReference; lastKnownFileType = sourcecode.swift; path = AppDelegate.swift; sourceTree = "<group>"; };
		4568DA8629EA621600E38D82 /* SceneDelegate.swift */ = {isa = PBXFileReference; lastKnownFileType = sourcecode.swift; path = SceneDelegate.swift; sourceTree = "<group>"; };
		4568DA8829EA621600E38D82 /* HomeVC.swift */ = {isa = PBXFileReference; lastKnownFileType = sourcecode.swift; path = HomeVC.swift; sourceTree = "<group>"; };
		4568DA8B29EA621600E38D82 /* Base */ = {isa = PBXFileReference; lastKnownFileType = file.storyboard; name = Base; path = Base.lproj/Main.storyboard; sourceTree = "<group>"; };
		4568DA8D29EA621700E38D82 /* Assets.xcassets */ = {isa = PBXFileReference; lastKnownFileType = folder.assetcatalog; path = Assets.xcassets; sourceTree = "<group>"; };
		4568DA9029EA621700E38D82 /* Base */ = {isa = PBXFileReference; lastKnownFileType = file.storyboard; name = Base; path = Base.lproj/LaunchScreen.storyboard; sourceTree = "<group>"; };
		4568DA9229EA621700E38D82 /* Info.plist */ = {isa = PBXFileReference; lastKnownFileType = text.plist.xml; path = Info.plist; sourceTree = "<group>"; };
		4568DA9B29EA632C00E38D82 /* NewsDetailVC.swift */ = {isa = PBXFileReference; lastKnownFileType = sourcecode.swift; path = NewsDetailVC.swift; sourceTree = "<group>"; };
		4568DA9D29EA642F00E38D82 /* NewsData.swift */ = {isa = PBXFileReference; lastKnownFileType = sourcecode.swift; path = NewsData.swift; sourceTree = "<group>"; };
		4568DA9F29EA656000E38D82 /* NewsManager.swift */ = {isa = PBXFileReference; lastKnownFileType = sourcecode.swift; path = NewsManager.swift; sourceTree = "<group>"; };
		9F166AB50F5203920DC325BA /* Pods-NewsApp.debug.xcconfig */ = {isa = PBXFileReference; includeInIndex = 1; lastKnownFileType = text.xcconfig; name = "Pods-NewsApp.debug.xcconfig"; path = "Target Support Files/Pods-NewsApp/Pods-NewsApp.debug.xcconfig"; sourceTree = "<group>"; };
		C7DC8EFBE80DF70B33110E1B /* Pods_NewsApp.framework */ = {isa = PBXFileReference; explicitFileType = wrapper.framework; includeInIndex = 0; path = Pods_NewsApp.framework; sourceTree = BUILT_PRODUCTS_DIR; };
		D4DC0B252FD9EF00C99EE708 /* Pods-NewsApp.release.xcconfig */ = {isa = PBXFileReference; includeInIndex = 1; lastKnownFileType = text.xcconfig; name = "Pods-NewsApp.release.xcconfig"; path = "Target Support Files/Pods-NewsApp/Pods-NewsApp.release.xcconfig"; sourceTree = "<group>"; };
/* End PBXFileReference section */

/* Begin PBXFrameworksBuildPhase section */
		E3E0D0E2459B2A4CF672A48B /* Frameworks */ = {
			isa = PBXFrameworksBuildPhase;
			buildActionMask = 2147483647;
			files = (
				B41799257D77B3DB123FAD0A /* Pods_NewsApp.framework in Frameworks */,
			);
			runOnlyForDeploymentPostprocessing = 0;
		};
/* End PBXFrameworksBuildPhase section */

/* Begin PBXGroup section */
		4568DA7829EA621600E38D82 = {
			isa = PBXGroup;
			children = (
				4568DA8329EA621600E38D82 /* NewsApp */,
				FE1DA862285C6AB2F08EA93A /* Pods */,
				C94CC7D387F7DC40FFBC4F24 /* Frameworks */,
			);
			sourceTree = "<group>";
		};
		4568DA8329EA621600E38D82 /* NewsApp */ = {
			isa = PBXGroup;
			children = (
				4568DA8429EA621600E38D82 /* AppDelegate.swift */,
				4568DA8629EA621600E38D82 /* SceneDelegate.swift */,
				4568DA9829EA627200E38D82 /* Models */,
				4568DA9929EA627D00E38D82 /* Views */,
				4568DA9A29EA628500E38D82 /* Controllers */,
				4568DA8D29EA621700E38D82 /* Assets.xcassets */,
				4568DA8F29EA621700E38D82 /* LaunchScreen.storyboard */,
				4568DA9229EA621700E38D82 /* Info.plist */,
			);
			path = NewsApp;
			sourceTree = "<group>";
		};
		4568DA9829EA627200E38D82 /* Models */ = {
			isa = PBXGroup;
			children = (
				4568DA9D29EA642F00E38D82 /* NewsData.swift */,
				4568DA9F29EA656000E38D82 /* NewsManager.swift */,
				4566181E29EB4E4000B85901 /* NewsModel.swift */,
				4566186429EB940000B85901 /* K.swift */,
			);
			path = Models;
			sourceTree = "<group>";
		};
		4568DA9929EA627D00E38D82 /* Views */ = {
			isa = PBXGroup;
			children = (
				4568DA8A29EA621600E38D82 /* Main.storyboard */,
				4563D3EF29EE0C0B00C16E91 /* CustomArticleCell.swift */,
				4563D3F029EE0C0B00C16E91 /* CustomArticleCell.xib */,
			);
			path = Views;
			sourceTree = "<group>";
		};
		4568DA9A29EA628500E38D82 /* Controllers */ = {
			isa = PBXGroup;
			children = (
				4568DA8829EA621600E38D82 /* HomeVC.swift */,
				4566184029EB5C4400B85901 /* CategoryVC.swift */,
				4568DA9B29EA632C00E38D82 /* NewsDetailVC.swift */,
			);
			path = Controllers;
			sourceTree = "<group>";
		};
		C94CC7D387F7DC40FFBC4F24 /* Frameworks */ = {
			isa = PBXGroup;
			children = (
				C7DC8EFBE80DF70B33110E1B /* Pods_NewsApp.framework */,
			);
			name = Frameworks;
			sourceTree = "<group>";
		};
		FE1DA862285C6AB2F08EA93A /* Pods */ = {
			isa = PBXGroup;
			children = (
				9F166AB50F5203920DC325BA /* Pods-NewsApp.debug.xcconfig */,
				D4DC0B252FD9EF00C99EE708 /* Pods-NewsApp.release.xcconfig */,
			);
			name = Pods;
			path = Pods;
			sourceTree = "<group>";
		};
/* End PBXGroup section */

/* Begin PBXNativeTarget section */
		4568DA8029EA621600E38D82 /* NewsApp */ = {
			isa = PBXNativeTarget;
			buildConfigurationList = 4568DA9529EA621700E38D82 /* Build configuration list for PBXNativeTarget "NewsApp" */;
			buildPhases = (
				2E785DBFD4289CC2FC60CA4A /* [CP] Check Pods Manifest.lock */,
				4568DA7D29EA621600E38D82 /* Sources */,
				4568DA7F29EA621600E38D82 /* Resources */,
				E3E0D0E2459B2A4CF672A48B /* Frameworks */,
			);
			buildRules = (
			);
			dependencies = (
			);
			name = NewsApp;
			productName = NewsApp;
			productReference = 4568DA8129EA621600E38D82 /* NewsApp.app */;
			productType = "com.apple.product-type.application";
		};
/* End PBXNativeTarget section */

/* Begin PBXProject section */
		4568DA7929EA621600E38D82 /* Project object */ = {
			isa = PBXProject;
			attributes = {
				BuildIndependentTargetsInParallel = 1;
				LastSwiftUpdateCheck = 1430;
				LastUpgradeCheck = 1430;
				TargetAttributes = {
					4568DA8029EA621600E38D82 = {
						CreatedOnToolsVersion = 14.3;
					};
				};
			};
			buildConfigurationList = 4568DA7C29EA621600E38D82 /* Build configuration list for PBXProject "NewsApp" */;
			compatibilityVersion = "Xcode 14.0";
			developmentRegion = en;
			hasScannedForEncodings = 0;
			knownRegions = (
				en,
				Base,
			);
			mainGroup = 4568DA7829EA621600E38D82;
			productRefGroup = 4568DA7829EA621600E38D82;
			projectDirPath = "";
			projectRoot = "";
			targets = (
				4568DA8029EA621600E38D82 /* NewsApp */,
			);
		};
/* End PBXProject section */

/* Begin PBXResourcesBuildPhase section */
		4568DA7F29EA621600E38D82 /* Resources */ = {
			isa = PBXResourcesBuildPhase;
			buildActionMask = 2147483647;
			files = (
				4563D3F229EE0C0B00C16E91 /* CustomArticleCell.xib in Resources */,
				4568DA9129EA621700E38D82 /* LaunchScreen.storyboard in Resources */,
				4568DA8E29EA621700E38D82 /* Assets.xcassets in Resources */,
				4568DA8C29EA621600E38D82 /* Main.storyboard in Resources */,
			);
			runOnlyForDeploymentPostprocessing = 0;
		};
/* End PBXResourcesBuildPhase section */

/* Begin PBXShellScriptBuildPhase section */
		2E785DBFD4289CC2FC60CA4A /* [CP] Check Pods Manifest.lock */ = {
			isa = PBXShellScriptBuildPhase;
			buildActionMask = 2147483647;
			files = (
			);
			inputFileListPaths = (
			);
			inputPaths = (
				"${PODS_PODFILE_DIR_PATH}/Podfile.lock",
				"${PODS_ROOT}/Manifest.lock",
			);
			name = "[CP] Check Pods Manifest.lock";
			outputFileListPaths = (
			);
			outputPaths = (
				"$(DERIVED_FILE_DIR)/Pods-NewsApp-checkManifestLockResult.txt",
			);
			runOnlyForDeploymentPostprocessing = 0;
			shellPath = /bin/sh;
			shellScript = "diff \"${PODS_PODFILE_DIR_PATH}/Podfile.lock\" \"${PODS_ROOT}/Manifest.lock\" > /dev/null\nif [ $? != 0 ] ; then\n    # print error to STDERR\n    echo \"error: The sandbox is not in sync with the Podfile.lock. Run 'pod install' or update your CocoaPods installation.\" >&2\n    exit 1\nfi\n# This output is used by Xcode 'outputs' to avoid re-running this script phase.\necho \"SUCCESS\" > \"${SCRIPT_OUTPUT_FILE_0}\"\n";
			showEnvVarsInLog = 0;
		};
/* End PBXShellScriptBuildPhase section */

/* Begin PBXSourcesBuildPhase section */
		4568DA7D29EA621600E38D82 /* Sources */ = {
			isa = PBXSourcesBuildPhase;
			buildActionMask = 2147483647;
			files = (
				4566186529EB940000B85901 /* K.swift in Sources */,
				4563D3F129EE0C0B00C16E91 /* CustomArticleCell.swift in Sources */,
				4566181F29EB4E4000B85901 /* NewsModel.swift in Sources */,
				4568DA8929EA621600E38D82 /* HomeVC.swift in Sources */,
				4566184129EB5C4400B85901 /* CategoryVC.swift in Sources */,
				4568DA8529EA621600E38D82 /* AppDelegate.swift in Sources */,
				4568DA9C29EA632C00E38D82 /* NewsDetailVC.swift in Sources */,
				4568DA8729EA621600E38D82 /* SceneDelegate.swift in Sources */,
				4568DAA029EA656000E38D82 /* NewsManager.swift in Sources */,
				4568DA9E29EA642F00E38D82 /* NewsData.swift in Sources */,
			);
			runOnlyForDeploymentPostprocessing = 0;
		};
/* End PBXSourcesBuildPhase section */

/* Begin PBXVariantGroup section */
		4568DA8A29EA621600E38D82 /* Main.storyboard */ = {
			isa = PBXVariantGroup;
			children = (
				4568DA8B29EA621600E38D82 /* Base */,
			);
			name = Main.storyboard;
			sourceTree = "<group>";
		};
		4568DA8F29EA621700E38D82 /* LaunchScreen.storyboard */ = {
			isa = PBXVariantGroup;
			children = (
				4568DA9029EA621700E38D82 /* Base */,
			);
			name = LaunchScreen.storyboard;
			sourceTree = "<group>";
		};
/* End PBXVariantGroup section */

/* Begin XCBuildConfiguration section */
		4568DA9329EA621700E38D82 /* Debug */ = {
			isa = XCBuildConfiguration;
			buildSettings = {
				ALWAYS_SEARCH_USER_PATHS = NO;
				CLANG_ANALYZER_NONNULL = YES;
				CLANG_ANALYZER_NUMBER_OBJECT_CONVERSION = YES_AGGRESSIVE;
				CLANG_CXX_LANGUAGE_STANDARD = "gnu++20";
				CLANG_ENABLE_MODULES = YES;
				CLANG_ENABLE_OBJC_ARC = YES;
				CLANG_ENABLE_OBJC_WEAK = YES;
				CLANG_WARN_BLOCK_CAPTURE_AUTORELEASING = YES;
				CLANG_WARN_BOOL_CONVERSION = YES;
				CLANG_WARN_COMMA = YES;
				CLANG_WARN_CONSTANT_CONVERSION = YES;
				CLANG_WARN_DEPRECATED_OBJC_IMPLEMENTATIONS = YES;
				CLANG_WARN_DIRECT_OBJC_ISA_USAGE = YES_ERROR;
				CLANG_WARN_DOCUMENTATION_COMMENTS = YES;
				CLANG_WARN_EMPTY_BODY = YES;
				CLANG_WARN_ENUM_CONVERSION = YES;
				CLANG_WARN_INFINITE_RECURSION = YES;
				CLANG_WARN_INT_CONVERSION = YES;
				CLANG_WARN_NON_LITERAL_NULL_CONVERSION = YES;
				CLANG_WARN_OBJC_IMPLICIT_RETAIN_SELF = YES;
				CLANG_WARN_OBJC_LITERAL_CONVERSION = YES;
				CLANG_WARN_OBJC_ROOT_CLASS = YES_ERROR;
				CLANG_WARN_QUOTED_INCLUDE_IN_FRAMEWORK_HEADER = YES;
				CLANG_WARN_RANGE_LOOP_ANALYSIS = YES;
				CLANG_WARN_STRICT_PROTOTYPES = YES;
				CLANG_WARN_SUSPICIOUS_MOVE = YES;
				CLANG_WARN_UNGUARDED_AVAILABILITY = YES_AGGRESSIVE;
				CLANG_WARN_UNREACHABLE_CODE = YES;
				CLANG_WARN__DUPLICATE_METHOD_MATCH = YES;
				COPY_PHASE_STRIP = NO;
				DEBUG_INFORMATION_FORMAT = dwarf;
				ENABLE_STRICT_OBJC_MSGSEND = YES;
				ENABLE_TESTABILITY = YES;
				GCC_C_LANGUAGE_STANDARD = gnu11;
				GCC_DYNAMIC_NO_PIC = NO;
				GCC_NO_COMMON_BLOCKS = YES;
				GCC_OPTIMIZATION_LEVEL = 0;
				GCC_PREPROCESSOR_DEFINITIONS = (
					"DEBUG=1",
					"$(inherited)",
				);
				GCC_WARN_64_TO_32_BIT_CONVERSION = YES;
				GCC_WARN_ABOUT_RETURN_TYPE = YES_ERROR;
				GCC_WARN_UNDECLARED_SELECTOR = YES;
				GCC_WARN_UNINITIALIZED_AUTOS = YES_AGGRESSIVE;
				GCC_WARN_UNUSED_FUNCTION = YES;
				GCC_WARN_UNUSED_VARIABLE = YES;
				IPHONEOS_DEPLOYMENT_TARGET = 16.4;
				MTL_ENABLE_DEBUG_INFO = INCLUDE_SOURCE;
				MTL_FAST_MATH = YES;
				ONLY_ACTIVE_ARCH = YES;
				SDKROOT = iphoneos;
				SWIFT_ACTIVE_COMPILATION_CONDITIONS = DEBUG;
				SWIFT_OPTIMIZATION_LEVEL = "-Onone";
			};
			name = Debug;
		};
		4568DA9429EA621700E38D82 /* Release */ = {
			isa = XCBuildConfiguration;
			buildSettings = {
				ALWAYS_SEARCH_USER_PATHS = NO;
				CLANG_ANALYZER_NONNULL = YES;
				CLANG_ANALYZER_NUMBER_OBJECT_CONVERSION = YES_AGGRESSIVE;
				CLANG_CXX_LANGUAGE_STANDARD = "gnu++20";
				CLANG_ENABLE_MODULES = YES;
				CLANG_ENABLE_OBJC_ARC = YES;
				CLANG_ENABLE_OBJC_WEAK = YES;
				CLANG_WARN_BLOCK_CAPTURE_AUTORELEASING = YES;
				CLANG_WARN_BOOL_CONVERSION = YES;
				CLANG_WARN_COMMA = YES;
				CLANG_WARN_CONSTANT_CONVERSION = YES;
				CLANG_WARN_DEPRECATED_OBJC_IMPLEMENTATIONS = YES;
				CLANG_WARN_DIRECT_OBJC_ISA_USAGE = YES_ERROR;
				CLANG_WARN_DOCUMENTATION_COMMENTS = YES;
				CLANG_WARN_EMPTY_BODY = YES;
				CLANG_WARN_ENUM_CONVERSION = YES;
				CLANG_WARN_INFINITE_RECURSION = YES;
				CLANG_WARN_INT_CONVERSION = YES;
				CLANG_WARN_NON_LITERAL_NULL_CONVERSION = YES;
				CLANG_WARN_OBJC_IMPLICIT_RETAIN_SELF = YES;
				CLANG_WARN_OBJC_LITERAL_CONVERSION = YES;
				CLANG_WARN_OBJC_ROOT_CLASS = YES_ERROR;
				CLANG_WARN_QUOTED_INCLUDE_IN_FRAMEWORK_HEADER = YES;
				CLANG_WARN_RANGE_LOOP_ANALYSIS = YES;
				CLANG_WARN_STRICT_PROTOTYPES = YES;
				CLANG_WARN_SUSPICIOUS_MOVE = YES;
				CLANG_WARN_UNGUARDED_AVAILABILITY = YES_AGGRESSIVE;
				CLANG_WARN_UNREACHABLE_CODE = YES;
				CLANG_WARN__DUPLICATE_METHOD_MATCH = YES;
				COPY_PHASE_STRIP = NO;
				DEBUG_INFORMATION_FORMAT = "dwarf-with-dsym";
				ENABLE_NS_ASSERTIONS = NO;
				ENABLE_STRICT_OBJC_MSGSEND = YES;
				GCC_C_LANGUAGE_STANDARD = gnu11;
				GCC_NO_COMMON_BLOCKS = YES;
				GCC_WARN_64_TO_32_BIT_CONVERSION = YES;
				GCC_WARN_ABOUT_RETURN_TYPE = YES_ERROR;
				GCC_WARN_UNDECLARED_SELECTOR = YES;
				GCC_WARN_UNINITIALIZED_AUTOS = YES_AGGRESSIVE;
				GCC_WARN_UNUSED_FUNCTION = YES;
				GCC_WARN_UNUSED_VARIABLE = YES;
				IPHONEOS_DEPLOYMENT_TARGET = 16.4;
				MTL_ENABLE_DEBUG_INFO = NO;
				MTL_FAST_MATH = YES;
				SDKROOT = iphoneos;
				SWIFT_COMPILATION_MODE = wholemodule;
				SWIFT_OPTIMIZATION_LEVEL = "-O";
				VALIDATE_PRODUCT = YES;
			};
			name = Release;
		};
		4568DA9629EA621700E38D82 /* Debug */ = {
			isa = XCBuildConfiguration;
			baseConfigurationReference = 9F166AB50F5203920DC325BA /* Pods-NewsApp.debug.xcconfig */;
			buildSettings = {
				ASSETCATALOG_COMPILER_APPICON_NAME = AppIcon;
				ASSETCATALOG_COMPILER_GLOBAL_ACCENT_COLOR_NAME = AccentColor;
				CODE_SIGN_STYLE = Automatic;
				CURRENT_PROJECT_VERSION = 1;
				DEVELOPMENT_TEAM = W95B5TW28L;
				GENERATE_INFOPLIST_FILE = YES;
				INFOPLIST_FILE = NewsApp/Info.plist;
				INFOPLIST_KEY_UIApplicationSupportsIndirectInputEvents = YES;
				INFOPLIST_KEY_UILaunchStoryboardName = LaunchScreen;
				INFOPLIST_KEY_UIMainStoryboardFile = Main;
				INFOPLIST_KEY_UISupportedInterfaceOrientations_iPad = "UIInterfaceOrientationPortrait UIInterfaceOrientationPortraitUpsideDown UIInterfaceOrientationLandscapeLeft UIInterfaceOrientationLandscapeRight";
				INFOPLIST_KEY_UISupportedInterfaceOrientations_iPhone = "UIInterfaceOrientationPortrait UIInterfaceOrientationLandscapeLeft UIInterfaceOrientationLandscapeRight";
				LD_RUNPATH_SEARCH_PATHS = (
					"$(inherited)",
					"@executable_path/Frameworks",
				);
				MARKETING_VERSION = 1.0;
				PRODUCT_BUNDLE_IDENTIFIER = com.hassaneSidibe.NewsApp;
				PRODUCT_NAME = "$(TARGET_NAME)";
				SWIFT_EMIT_LOC_STRINGS = YES;
				SWIFT_VERSION = 5.0;
				TARGETED_DEVICE_FAMILY = "1,2";
			};
			name = Debug;
		};
		4568DA9729EA621700E38D82 /* Release */ = {
			isa = XCBuildConfiguration;
			baseConfigurationReference = D4DC0B252FD9EF00C99EE708 /* Pods-NewsApp.release.xcconfig */;
			buildSettings = {
				ASSETCATALOG_COMPILER_APPICON_NAME = AppIcon;
				ASSETCATALOG_COMPILER_GLOBAL_ACCENT_COLOR_NAME = AccentColor;
				CODE_SIGN_STYLE = Automatic;
				CURRENT_PROJECT_VERSION = 1;
				DEVELOPMENT_TEAM = W95B5TW28L;
				GENERATE_INFOPLIST_FILE = YES;
				INFOPLIST_FILE = NewsApp/Info.plist;
				INFOPLIST_KEY_UIApplicationSupportsIndirectInputEvents = YES;
				INFOPLIST_KEY_UILaunchStoryboardName = LaunchScreen;
				INFOPLIST_KEY_UIMainStoryboardFile = Main;
				INFOPLIST_KEY_UISupportedInterfaceOrientations_iPad = "UIInterfaceOrientationPortrait UIInterfaceOrientationPortraitUpsideDown UIInterfaceOrientationLandscapeLeft UIInterfaceOrientationLandscapeRight";
				INFOPLIST_KEY_UISupportedInterfaceOrientations_iPhone = "UIInterfaceOrientationPortrait UIInterfaceOrientationLandscapeLeft UIInterfaceOrientationLandscapeRight";
				LD_RUNPATH_SEARCH_PATHS = (
					"$(inherited)",
					"@executable_path/Frameworks",
				);
				MARKETING_VERSION = 1.0;
				PRODUCT_BUNDLE_IDENTIFIER = com.hassaneSidibe.NewsApp;
				PRODUCT_NAME = "$(TARGET_NAME)";
				SWIFT_EMIT_LOC_STRINGS = YES;
				SWIFT_VERSION = 5.0;
				TARGETED_DEVICE_FAMILY = "1,2";
			};
			name = Release;
		};
/* End XCBuildConfiguration section */

/* Begin XCConfigurationList section */
		4568DA7C29EA621600E38D82 /* Build configuration list for PBXProject "NewsApp" */ = {
			isa = XCConfigurationList;
			buildConfigurations = (
				4568DA9329EA621700E38D82 /* Debug */,
				4568DA9429EA621700E38D82 /* Release */,
			);
			defaultConfigurationIsVisible = 0;
			defaultConfigurationName = Release;
		};
		4568DA9529EA621700E38D82 /* Build configuration list for PBXNativeTarget "NewsApp" */ = {
			isa = XCConfigurationList;
			buildConfigurations = (
				4568DA9629EA621700E38D82 /* Debug */,
				4568DA9729EA621700E38D82 /* Release */,
			);
			defaultConfigurationIsVisible = 0;
			defaultConfigurationName = Release;
		};
/* End XCConfigurationList section */
	};
	rootObject = 4568DA7929EA621600E38D82 /* Project object */;
}
